Microsoft Visual Studio Solution File, Format Version 11.00
# Visual Studio 2008

Project("{7109E03D-E980-15D4-1E81-BD1F86BB89FF}") = "Pinball project", "Assembly-CSharp.csproj", "{B0C0ED70-6C30-0848-F9BA-2DCD2FA6A9E6}"
EndProject
Global
	GlobalSection(SolutionConfigurationPlatforms) = preSolution
		Debug|Any CPU = Debug|Any CPU
		Release|Any CPU = Release|Any CPU
	EndGlobalSection
	GlobalSection(ProjectConfigurationPlatforms) = postSolution
		{B0C0ED70-6C30-0848-F9BA-2DCD2FA6A9E6}.Debug|Any CPU.ActiveCfg = Debug|Any CPU
		{B0C0ED70-6C30-0848-F9BA-2DCD2FA6A9E6}.Debug|Any CPU.Build.0 = Debug|Any CPU
		{B0C0ED70-6C30-0848-F9BA-2DCD2FA6A9E6}.Release|Any CPU.ActiveCfg = Release|Any CPU
		{B0C0ED70-6C30-0848-F9BA-2DCD2FA6A9E6}.Release|Any CPU.Build.0 = Release|Any CPU
	EndGlobalSection
	GlobalSection(SolutionProperties) = preSolution
		HideSolutionNode = FALSE
	EndGlobalSection
	GlobalSection(MonoDevelopProperties) = preSolution
		StartupItem = Assembly-CSharp.csproj
	EndGlobalSection
EndGlobal
